
Microsoft Visual Studio Solution File, Format Version 12.00
# Visual Studio Version 16
VisualStudioVersion = 16.0.31112.23
MinimumVisualStudioVersion = 10.0.40219.1
Project("{9A19103F-16F7-4668-BE54-9A1E7A4F7556}") = "DataGg.Web", "DataGg.Web\DataGg.Web.csproj", "{84DB2AFE-2867-4DC5-892D-FC4F9467168B}"
EndProject
Project("{9A19103F-16F7-4668-BE54-9A1E7A4F7556}") = "DataGg.Core", "DataGg.Core\DataGg.Core.csproj", "{3A14F3C5-7DBA-4BD2-96F9-F2173182D223}"
EndProject
Project("{9A19103F-16F7-4668-BE54-9A1E7A4F7556}") = "DataGg.Database", "DataGg.Database\DataGg.Database.csproj", "{42E2738A-26C0-4CB7-BCC1-5A996AA27A29}"
EndProject
Project("{9A19103F-16F7-4668-BE54-9A1E7A4F7556}") = "DataGg.Test", "DataGg.Test\DataGg.Test.csproj", "{75150B49-BE5A-49CA-98AF-E0B989CA83D0}"
EndProject
Project("{FAE04EC0-301F-11D3-BF4B-00C04F79EFBC}") = "DataGg.ParseAid", "DataGg.ParseAid\DataGg.ParseAid.csproj", "{B32CAB5D-B312-4443-B69C-CBAFBFF4A1F7}"
EndProject
Global
	GlobalSection(SolutionConfigurationPlatforms) = preSolution
		Debug|Any CPU = Debug|Any CPU
		Release|Any CPU = Release|Any CPU
	EndGlobalSection
	GlobalSection(ProjectConfigurationPlatforms) = postSolution
		{84DB2AFE-2867-4DC5-892D-FC4F9467168B}.Debug|Any CPU.ActiveCfg = Debug|Any CPU
		{84DB2AFE-2867-4DC5-892D-FC4F9467168B}.Debug|Any CPU.Build.0 = Debug|Any CPU
		{84DB2AFE-2867-4DC5-892D-FC4F9467168B}.Release|Any CPU.ActiveCfg = Release|Any CPU
		{84DB2AFE-2867-4DC5-892D-FC4F9467168B}.Release|Any CPU.Build.0 = Release|Any CPU
		{3A14F3C5-7DBA-4BD2-96F9-F2173182D223}.Debug|Any CPU.ActiveCfg = Debug|Any CPU
		{3A14F3C5-7DBA-4BD2-96F9-F2173182D223}.Debug|Any CPU.Build.0 = Debug|Any CPU
		{3A14F3C5-7DBA-4BD2-96F9-F2173182D223}.Release|Any CPU.ActiveCfg = Release|Any CPU
		{3A14F3C5-7DBA-4BD2-96F9-F2173182D223}.Release|Any CPU.Build.0 = Release|Any CPU
		{42E2738A-26C0-4CB7-BCC1-5A996AA27A29}.Debug|Any CPU.ActiveCfg = Debug|Any CPU
		{42E2738A-26C0-4CB7-BCC1-5A996AA27A29}.Debug|Any CPU.Build.0 = Debug|Any CPU
		{42E2738A-26C0-4CB7-BCC1-5A996AA27A29}.Release|Any CPU.ActiveCfg = Release|Any CPU
		{42E2738A-26C0-4CB7-BCC1-5A996AA27A29}.Release|Any CPU.Build.0 = Release|Any CPU
		{75150B49-BE5A-49CA-98AF-E0B989CA83D0}.Debug|Any CPU.ActiveCfg = Debug|Any CPU
		{75150B49-BE5A-49CA-98AF-E0B989CA83D0}.Debug|Any CPU.Build.0 = Debug|Any CPU
		{75150B49-BE5A-49CA-98AF-E0B989CA83D0}.Release|Any CPU.ActiveCfg = Release|Any CPU
		{75150B49-BE5A-49CA-98AF-E0B989CA83D0}.Release|Any CPU.Build.0 = Release|Any CPU
		{B32CAB5D-B312-4443-B69C-CBAFBFF4A1F7}.Debug|Any CPU.ActiveCfg = Debug|Any CPU
		{B32CAB5D-B312-4443-B69C-CBAFBFF4A1F7}.Debug|Any CPU.Build.0 = Debug|Any CPU
		{B32CAB5D-B312-4443-B69C-CBAFBFF4A1F7}.Release|Any CPU.ActiveCfg = Release|Any CPU
		{B32CAB5D-B312-4443-B69C-CBAFBFF4A1F7}.Release|Any CPU.Build.0 = Release|Any CPU
	EndGlobalSection
	GlobalSection(SolutionProperties) = preSolution
		HideSolutionNode = FALSE
	EndGlobalSection
	GlobalSection(ExtensibilityGlobals) = postSolution
		SolutionGuid = {C0A0A6B0-7290-4310-A816-5B46D3CDEE9A}
	EndGlobalSection
EndGlobal
